
Microsoft Visual Studio Solution File, Format Version 12.00
Project("{2150E333-8FDC-42A3-9474-1A3956D46DE8}") = "BuildingBlocks", "BuildingBlocks", "{CD9800C9-56B8-41F4-AF3B-84B26877CC10}"
EndProject
Project("{FAE04EC0-301F-11D3-BF4B-00C04F79EFBC}") = "BuildingBlocks", "BuildingBlocks\BuildingBlocks\BuildingBlocks.csproj", "{E8A98DC0-9110-4ADF-945E-7FF033E21A20}"
EndProject
Project("{2150E333-8FDC-42A3-9474-1A3956D46DE8}") = "Services", "Services", "{A775E4A9-BE68-4D77-ABD9-184B42E13F5E}"
EndProject
Project("{FAE04EC0-301F-11D3-BF4B-00C04F79EFBC}") = "Account.API", "Services\Account.API\Account.API.csproj", "{2CFE1C73-D194-430A-A7E4-2896369D95E0}"
EndProject
Project("{2150E333-8FDC-42A3-9474-1A3956D46DE8}") = "Account", "Account", "{E7831CE6-37C6-49CC-8ABE-302FAC141A1F}"
EndProject
Project("{2150E333-8FDC-42A3-9474-1A3956D46DE8}") = "Likes", "Likes", "{E2DD168A-75A2-46BF-AC35-207735E9A9F2}"
EndProject
Project("{FAE04EC0-301F-11D3-BF4B-00C04F79EFBC}") = "Likes.API", "Services\Likes.API\Likes.API.csproj", "{957F10BE-A554-4B49-8463-59FF6378A071}"
EndProject
Project("{2150E333-8FDC-42A3-9474-1A3956D46DE8}") = "Messages", "Messages", "{76CE8B5E-D826-4576-930B-475AE6CC2F2B}"
EndProject
Project("{FAE04EC0-301F-11D3-BF4B-00C04F79EFBC}") = "Messages.API", "Services\Messages.API\Messages.API.csproj", "{D007D4ED-DBC1-4D6B-9DC2-C9BDF772BF33}"
EndProject
Project("{2150E333-8FDC-42A3-9474-1A3956D46DE8}") = "Bucket", "Bucket", "{B5AD582B-19DB-4F32-91FD-3A2470B7C200}"
EndProject
Project("{FAE04EC0-301F-11D3-BF4B-00C04F79EFBC}") = "Bucket.API", "Services\Bucket.API\Bucket.API.csproj", "{ADD14372-EDD6-46F5-962D-ED854D3E783B}"
EndProject
Project("{2150E333-8FDC-42A3-9474-1A3956D46DE8}") = "StepBook.API.Gateway", "StepBook.API.Gateway", "{EDE6D999-2082-407E-8AC3-B046BF14EA34}"
EndProject
Project("{FAE04EC0-301F-11D3-BF4B-00C04F79EFBC}") = "StepBook.API.Gateway", "StepBook.API.Gateway\StepBook.API.Gateway.csproj", "{1CABCA5A-1E40-45B4-ACBD-D358FD7E2565}"
EndProject
Project("{2150E333-8FDC-42A3-9474-1A3956D46DE8}") = "Middlewares", "Middlewares", "{3F035A7B-FF2D-4B72-83C6-9E42FB94058B}"
EndProject
Project("{FAE04EC0-301F-11D3-BF4B-00C04F79EFBC}") = "AuthMiddleware", "AuthMiddleware\AuthMiddleware.csproj", "{5624CBE9-6F61-4F12-A703-3735E8330070}"
EndProject
Global
	GlobalSection(SolutionConfigurationPlatforms) = preSolution
		Debug|Any CPU = Debug|Any CPU
		Release|Any CPU = Release|Any CPU
	EndGlobalSection
	GlobalSection(ProjectConfigurationPlatforms) = postSolution
		{E8A98DC0-9110-4ADF-945E-7FF033E21A20}.Debug|Any CPU.ActiveCfg = Debug|Any CPU
		{E8A98DC0-9110-4ADF-945E-7FF033E21A20}.Debug|Any CPU.Build.0 = Debug|Any CPU
		{E8A98DC0-9110-4ADF-945E-7FF033E21A20}.Release|Any CPU.ActiveCfg = Release|Any CPU
		{E8A98DC0-9110-4ADF-945E-7FF033E21A20}.Release|Any CPU.Build.0 = Release|Any CPU
		{2CFE1C73-D194-430A-A7E4-2896369D95E0}.Debug|Any CPU.ActiveCfg = Debug|Any CPU
		{2CFE1C73-D194-430A-A7E4-2896369D95E0}.Debug|Any CPU.Build.0 = Debug|Any CPU
		{2CFE1C73-D194-430A-A7E4-2896369D95E0}.Release|Any CPU.ActiveCfg = Release|Any CPU
		{2CFE1C73-D194-430A-A7E4-2896369D95E0}.Release|Any CPU.Build.0 = Release|Any CPU
		{957F10BE-A554-4B49-8463-59FF6378A071}.Debug|Any CPU.ActiveCfg = Debug|Any CPU
		{957F10BE-A554-4B49-8463-59FF6378A071}.Debug|Any CPU.Build.0 = Debug|Any CPU
		{957F10BE-A554-4B49-8463-59FF6378A071}.Release|Any CPU.ActiveCfg = Release|Any CPU
		{957F10BE-A554-4B49-8463-59FF6378A071}.Release|Any CPU.Build.0 = Release|Any CPU
		{D007D4ED-DBC1-4D6B-9DC2-C9BDF772BF33}.Debug|Any CPU.ActiveCfg = Debug|Any CPU
		{D007D4ED-DBC1-4D6B-9DC2-C9BDF772BF33}.Debug|Any CPU.Build.0 = Debug|Any CPU
		{D007D4ED-DBC1-4D6B-9DC2-C9BDF772BF33}.Release|Any CPU.ActiveCfg = Release|Any CPU
		{D007D4ED-DBC1-4D6B-9DC2-C9BDF772BF33}.Release|Any CPU.Build.0 = Release|Any CPU
		{ADD14372-EDD6-46F5-962D-ED854D3E783B}.Debug|Any CPU.ActiveCfg = Debug|Any CPU
		{ADD14372-EDD6-46F5-962D-ED854D3E783B}.Debug|Any CPU.Build.0 = Debug|Any CPU
		{ADD14372-EDD6-46F5-962D-ED854D3E783B}.Release|Any CPU.ActiveCfg = Release|Any CPU
		{ADD14372-EDD6-46F5-962D-ED854D3E783B}.Release|Any CPU.Build.0 = Release|Any CPU
		{1CABCA5A-1E40-45B4-ACBD-D358FD7E2565}.Debug|Any CPU.ActiveCfg = Debug|Any CPU
		{1CABCA5A-1E40-45B4-ACBD-D358FD7E2565}.Debug|Any CPU.Build.0 = Debug|Any CPU
		{1CABCA5A-1E40-45B4-ACBD-D358FD7E2565}.Release|Any CPU.ActiveCfg = Release|Any CPU
		{1CABCA5A-1E40-45B4-ACBD-D358FD7E2565}.Release|Any CPU.Build.0 = Release|Any CPU
		{5624CBE9-6F61-4F12-A703-3735E8330070}.Debug|Any CPU.ActiveCfg = Debug|Any CPU
		{5624CBE9-6F61-4F12-A703-3735E8330070}.Debug|Any CPU.Build.0 = Debug|Any CPU
		{5624CBE9-6F61-4F12-A703-3735E8330070}.Release|Any CPU.ActiveCfg = Release|Any CPU
		{5624CBE9-6F61-4F12-A703-3735E8330070}.Release|Any CPU.Build.0 = Release|Any CPU
	EndGlobalSection
	GlobalSection(NestedProjects) = preSolution
		{E8A98DC0-9110-4ADF-945E-7FF033E21A20} = {CD9800C9-56B8-41F4-AF3B-84B26877CC10}
		{E7831CE6-37C6-49CC-8ABE-302FAC141A1F} = {A775E4A9-BE68-4D77-ABD9-184B42E13F5E}
		{2CFE1C73-D194-430A-A7E4-2896369D95E0} = {E7831CE6-37C6-49CC-8ABE-302FAC141A1F}
		{E2DD168A-75A2-46BF-AC35-207735E9A9F2} = {A775E4A9-BE68-4D77-ABD9-184B42E13F5E}
		{957F10BE-A554-4B49-8463-59FF6378A071} = {E2DD168A-75A2-46BF-AC35-207735E9A9F2}
		{76CE8B5E-D826-4576-930B-475AE6CC2F2B} = {A775E4A9-BE68-4D77-ABD9-184B42E13F5E}
		{D007D4ED-DBC1-4D6B-9DC2-C9BDF772BF33} = {76CE8B5E-D826-4576-930B-475AE6CC2F2B}
		{B5AD582B-19DB-4F32-91FD-3A2470B7C200} = {A775E4A9-BE68-4D77-ABD9-184B42E13F5E}
		{ADD14372-EDD6-46F5-962D-ED854D3E783B} = {B5AD582B-19DB-4F32-91FD-3A2470B7C200}
		{1CABCA5A-1E40-45B4-ACBD-D358FD7E2565} = {EDE6D999-2082-407E-8AC3-B046BF14EA34}
		{5624CBE9-6F61-4F12-A703-3735E8330070} = {3F035A7B-FF2D-4B72-83C6-9E42FB94058B}
	EndGlobalSection
EndGlobal
