
Microsoft Visual Studio Solution File, Format Version 12.00
Project("{2150E333-8FDC-42A3-9474-1A3956D46DE8}") = "BuildingBlocks", "BuildingBlocks", "{CD9800C9-56B8-41F4-AF3B-84B26877CC10}"
EndProject
Project("{FAE04EC0-301F-11D3-BF4B-00C04F79EFBC}") = "BuildingBlocks", "BuildingBlocks\BuildingBlocks\BuildingBlocks.csproj", "{E8A98DC0-9110-4ADF-945E-7FF033E21A20}"
EndProject
Project("{2150E333-8FDC-42A3-9474-1A3956D46DE8}") = "Services", "Services", "{A775E4A9-BE68-4D77-ABD9-184B42E13F5E}"
EndProject
Project("{FAE04EC0-301F-11D3-BF4B-00C04F79EFBC}") = "Account.API", "Services\Account.API\Account.API.csproj", "{2CFE1C73-D194-430A-A7E4-2896369D95E0}"
EndProject
Project("{2150E333-8FDC-42A3-9474-1A3956D46DE8}") = "StepBook.Domain", "StepBook.Domain", "{BB687DA4-3332-40CD-91DA-BB5EE49C270A}"
EndProject
Project("{FAE04EC0-301F-11D3-BF4B-00C04F79EFBC}") = "StepBook.Domain", "StepBook.Domain\StepBook.Domain.csproj", "{B57A8F61-359A-43FB-8816-7707EE0BF0C4}"
EndProject
Project("{2150E333-8FDC-42A3-9474-1A3956D46DE8}") = "Account", "Account", "{E7831CE6-37C6-49CC-8ABE-302FAC141A1F}"
EndProject
Project("{2150E333-8FDC-42A3-9474-1A3956D46DE8}") = "StepBook.Services.SignalR", "StepBook.Services.SignalR", "{EFA0E540-18A1-4040-8414-3C2698F975A7}"
EndProject
Project("{2150E333-8FDC-42A3-9474-1A3956D46DE8}") = "Users", "Users", "{B267533D-C014-4C8E-9E13-9D0F5BA3BED8}"
EndProject
Project("{FAE04EC0-301F-11D3-BF4B-00C04F79EFBC}") = "Users.API", "Services\Users.API\Users.API.csproj", "{004D3E02-3848-466A-8B98-EC79EDC9E12F}"
EndProject
Project("{2150E333-8FDC-42A3-9474-1A3956D46DE8}") = "Likes", "Likes", "{E2DD168A-75A2-46BF-AC35-207735E9A9F2}"
EndProject
Project("{FAE04EC0-301F-11D3-BF4B-00C04F79EFBC}") = "Likes.API", "Services\Likes.API\Likes.API.csproj", "{957F10BE-A554-4B49-8463-59FF6378A071}"
EndProject
Global
	GlobalSection(SolutionConfigurationPlatforms) = preSolution
		Debug|Any CPU = Debug|Any CPU
		Release|Any CPU = Release|Any CPU
	EndGlobalSection
	GlobalSection(ProjectConfigurationPlatforms) = postSolution
		{E8A98DC0-9110-4ADF-945E-7FF033E21A20}.Debug|Any CPU.ActiveCfg = Debug|Any CPU
		{E8A98DC0-9110-4ADF-945E-7FF033E21A20}.Debug|Any CPU.Build.0 = Debug|Any CPU
		{E8A98DC0-9110-4ADF-945E-7FF033E21A20}.Release|Any CPU.ActiveCfg = Release|Any CPU
		{E8A98DC0-9110-4ADF-945E-7FF033E21A20}.Release|Any CPU.Build.0 = Release|Any CPU
		{2CFE1C73-D194-430A-A7E4-2896369D95E0}.Debug|Any CPU.ActiveCfg = Debug|Any CPU
		{2CFE1C73-D194-430A-A7E4-2896369D95E0}.Debug|Any CPU.Build.0 = Debug|Any CPU
		{2CFE1C73-D194-430A-A7E4-2896369D95E0}.Release|Any CPU.ActiveCfg = Release|Any CPU
		{2CFE1C73-D194-430A-A7E4-2896369D95E0}.Release|Any CPU.Build.0 = Release|Any CPU
		{B57A8F61-359A-43FB-8816-7707EE0BF0C4}.Debug|Any CPU.ActiveCfg = Debug|Any CPU
		{B57A8F61-359A-43FB-8816-7707EE0BF0C4}.Debug|Any CPU.Build.0 = Debug|Any CPU
		{B57A8F61-359A-43FB-8816-7707EE0BF0C4}.Release|Any CPU.ActiveCfg = Release|Any CPU
		{B57A8F61-359A-43FB-8816-7707EE0BF0C4}.Release|Any CPU.Build.0 = Release|Any CPU
		{004D3E02-3848-466A-8B98-EC79EDC9E12F}.Debug|Any CPU.ActiveCfg = Debug|Any CPU
		{004D3E02-3848-466A-8B98-EC79EDC9E12F}.Debug|Any CPU.Build.0 = Debug|Any CPU
		{004D3E02-3848-466A-8B98-EC79EDC9E12F}.Release|Any CPU.ActiveCfg = Release|Any CPU
		{004D3E02-3848-466A-8B98-EC79EDC9E12F}.Release|Any CPU.Build.0 = Release|Any CPU
		{957F10BE-A554-4B49-8463-59FF6378A071}.Debug|Any CPU.ActiveCfg = Debug|Any CPU
		{957F10BE-A554-4B49-8463-59FF6378A071}.Debug|Any CPU.Build.0 = Debug|Any CPU
		{957F10BE-A554-4B49-8463-59FF6378A071}.Release|Any CPU.ActiveCfg = Release|Any CPU
		{957F10BE-A554-4B49-8463-59FF6378A071}.Release|Any CPU.Build.0 = Release|Any CPU
	EndGlobalSection
	GlobalSection(NestedProjects) = preSolution
		{E8A98DC0-9110-4ADF-945E-7FF033E21A20} = {CD9800C9-56B8-41F4-AF3B-84B26877CC10}
		{B57A8F61-359A-43FB-8816-7707EE0BF0C4} = {BB687DA4-3332-40CD-91DA-BB5EE49C270A}
		{E7831CE6-37C6-49CC-8ABE-302FAC141A1F} = {A775E4A9-BE68-4D77-ABD9-184B42E13F5E}
		{2CFE1C73-D194-430A-A7E4-2896369D95E0} = {E7831CE6-37C6-49CC-8ABE-302FAC141A1F}
		{B267533D-C014-4C8E-9E13-9D0F5BA3BED8} = {A775E4A9-BE68-4D77-ABD9-184B42E13F5E}
		{004D3E02-3848-466A-8B98-EC79EDC9E12F} = {B267533D-C014-4C8E-9E13-9D0F5BA3BED8}
		{E2DD168A-75A2-46BF-AC35-207735E9A9F2} = {A775E4A9-BE68-4D77-ABD9-184B42E13F5E}
		{957F10BE-A554-4B49-8463-59FF6378A071} = {E2DD168A-75A2-46BF-AC35-207735E9A9F2}
	EndGlobalSection
EndGlobal
